{
    "_readme": [
        "This file locks the dependencies of your project to a known state",
        "Read more about it at https://getcomposer.org/doc/01-basic-usage.md#installing-dependencies",
        "This file is @generated automatically"
    ],
    "content-hash": "02e7b8d30d40dc3b65ec4d507c13ef6e",
    "packages": [
        {
            "name": "psr/container",
            "version": "1.1.1",
            "source": {
                "type": "git",
                "url": "https://github.com/php-fig/container.git",
                "reference": "8622567409010282b7aeebe4bb841fe98b58dcaf"
            },
            "dist": {
                "type": "zip",
                "url": "https://repo.huaweicloud.com/repository/php/psr/container/1.1.1/psr-container-1.1.1.zip",
                "reference": "8622567409010282b7aeebe4bb841fe98b58dcaf",
                "shasum": ""
            },
            "require": {
                "php": ">=7.2.0"
            },
            "type": "library",
            "autoload": {
                "psr-4": {
                    "Psr\\Container\\": "src/"
                }
            },
            "license": [
                "MIT"
            ],
            "authors": [
                {
                    "name": "PHP-FIG",
                    "homepage": "https://www.php-fig.org/"
                }
            ],
            "description": "Common Container Interface (PHP FIG PSR-11)",
            "homepage": "https://github.com/php-fig/container",
            "keywords": [
                "PSR-11",
                "container",
                "container-interface",
                "container-interop",
                "psr"
            ],
            "time": "2021-03-05T17:36:06+00:00"
        },
        {
            "name": "psr/http-message",
            "version": "1.0.1",
            "source": {
                "type": "git",
                "url": "https://github.com/php-fig/http-message.git",
                "reference": "f6561bf28d520154e4b0ec72be95418abe6d9363"
            },
            "dist": {
                "type": "zip",
                "url": "https://repo.huaweicloud.com/repository/php/psr/http-message/1.0.1/psr-http-message-1.0.1.zip",
                "reference": "f6561bf28d520154e4b0ec72be95418abe6d9363",
                "shasum": ""
            },
            "require": {
                "php": ">=5.3.0"
            },
            "type": "library",
            "extra": {
                "branch-alias": {
                    "dev-master": "1.0.x-dev"
                }
            },
            "autoload": {
                "psr-4": {
                    "Psr\\Http\\Message\\": "src/"
                }
            },
            "license": [
                "MIT"
            ],
            "authors": [
                {
                    "name": "PHP-FIG",
                    "homepage": "http://www.php-fig.org/"
                }
            ],
            "description": "Common interface for HTTP messages",
            "homepage": "https://github.com/php-fig/http-message",
            "keywords": [
                "http",
                "http-message",
                "psr",
                "psr-7",
                "request",
                "response"
            ],
            "time": "2016-08-06T14:39:51+00:00"
        },
        {
            "name": "psr/log",
            "version": "1.1.4",
            "source": {
                "type": "git",
                "url": "https://github.com/php-fig/log.git",
                "reference": "d49695b909c3b7628b6289db5479a1c204601f11"
            },
            "dist": {
                "type": "zip",
                "url": "https://repo.huaweicloud.com/repository/php/psr/log/1.1.4/psr-log-1.1.4.zip",
                "reference": "d49695b909c3b7628b6289db5479a1c204601f11",
                "shasum": ""
            },
            "require": {
                "php": ">=5.3.0"
            },
            "type": "library",
            "extra": {
                "branch-alias": {
                    "dev-master": "1.1.x-dev"
                }
            },
            "autoload": {
                "psr-4": {
                    "Psr\\Log\\": "Psr/Log/"
                }
            },
            "license": [
                "MIT"
            ],
            "authors": [
                {
                    "name": "PHP-FIG",
                    "homepage": "https://www.php-fig.org/"
                }
            ],
            "description": "Common interface for logging libraries",
            "homepage": "https://github.com/php-fig/log",
            "keywords": [
                "log",
                "psr",
                "psr-3"
            ],
            "time": "2021-05-03T11:20:27+00:00"
        },
        {
            "name": "psr/simple-cache",
            "version": "1.0.1",
            "source": {
                "type": "git",
                "url": "https://github.com/php-fig/simple-cache.git",
                "reference": "408d5eafb83c57f6365a3ca330ff23aa4a5fa39b"
            },
            "dist": {
                "type": "zip",
                "url": "https://repo.huaweicloud.com/repository/php/psr/simple-cache/1.0.1/psr-simple-cache-1.0.1.zip",
                "reference": "408d5eafb83c57f6365a3ca330ff23aa4a5fa39b",
                "shasum": ""
            },
            "require": {
                "php": ">=5.3.0"
            },
            "type": "library",
            "extra": {
                "branch-alias": {
                    "dev-master": "1.0.x-dev"
                }
            },
            "autoload": {
                "psr-4": {
                    "Psr\\SimpleCache\\": "src/"
                }
            },
            "license": [
                "MIT"
            ],
            "authors": [
                {
                    "name": "PHP-FIG",
                    "homepage": "http://www.php-fig.org/"
                }
            ],
            "description": "Common interfaces for simple caching",
            "keywords": [
                "cache",
                "caching",
                "psr",
                "psr-16",
                "simple-cache"
            ],
            "time": "2017-10-23T01:57:42+00:00"
        },
        {
            "name": "topthink/framework",
            "version": "v6.1.2",
            "source": {
                "type": "git",
                "url": "https://github.com/top-think/framework.git",
                "reference": "67235be5b919aaaf1de5aed9839f65d8e766aca3"
            },
            "dist": {
                "type": "zip",
                "url": "https://repo.huaweicloud.com/repository/php/topthink/framework/v6.1.2/topthink-framework-v6.1.2.zip",
                "reference": "67235be5b919aaaf1de5aed9839f65d8e766aca3",
                "shasum": ""
            },
            "require": {
                "ext-json": "*",
                "ext-mbstring": "*",
                "php": ">=7.2.5",
                "psr/container": "~1.0",
                "psr/http-message": "^1.0",
                "psr/log": "~1.0",
                "psr/simple-cache": "^1.0",
                "topthink/think-helper": "^3.1.1",
                "topthink/think-orm": "^2.0|^3.0"
            },
            "require-dev": {
                "guzzlehttp/psr7": "^2.1.0",
                "mikey179/vfsstream": "^1.6",
                "mockery/mockery": "^1.2",
                "phpunit/phpunit": "^7.0"
            },
            "type": "library",
            "autoload": {
                "files": [],
                "psr-4": {
                    "think\\": "src/think/"
                }
            },
            "license": [
                "Apache-2.0"
            ],
            "authors": [
                {
                    "name": "liu21st",
                    "email": "liu21st@gmail.com"
                },
                {
                    "name": "yunwuxin",
                    "email": "448901948@qq.com"
                }
            ],
            "description": "The ThinkPHP Framework.",
            "homepage": "http://thinkphp.cn/",
            "keywords": [
                "framework",
                "orm",
                "thinkphp"
            ],
            "time": "2023-02-08T02:24:01+00:00"
        },
        {
            "name": "topthink/think-captcha",
            "version": "v3.0.8",
            "source": {
                "type": "git",
                "url": "https://github.com/top-think/think-captcha.git",
                "reference": "52fba122c953995bec3013c635025172491ae299"
            },
            "dist": {
                "type": "zip",
                "url": "https://repo.huaweicloud.com/repository/php/topthink/think-captcha/v3.0.8/topthink-think-captcha-v3.0.8.zip",
                "reference": "52fba122c953995bec3013c635025172491ae299",
                "shasum": ""
            },
            "require": {
                "topthink/framework": "^6.0"
            },
            "type": "library",
            "extra": {
                "think": {
                    "services": [
                        "think\\captcha\\CaptchaService"
                    ],
                    "config": {
                        "captcha": "src/config.php"
                    }
                }
            },
            "autoload": {
                "files": [
                    "src/helper.php"
                ],
                "psr-4": {
                    "think\\captcha\\": "src/"
                }
            },
            "license": [
                "Apache-2.0"
            ],
            "authors": [
                {
                    "name": "yunwuxin",
                    "email": "448901948@qq.com"
                }
            ],
            "description": "captcha package for thinkphp",
            "time": "2022-10-26T07:59:42+00:00"
        },
        {
            "name": "topthink/think-helper",
            "version": "v3.1.6",
            "source": {
                "type": "git",
                "url": "https://github.com/top-think/think-helper.git",
                "reference": "769acbe50a4274327162f9c68ec2e89a38eb2aff"
            },
            "dist": {
                "type": "zip",
                "url": "https://repo.huaweicloud.com/repository/php/topthink/think-helper/v3.1.6/topthink-think-helper-v3.1.6.zip",
                "reference": "769acbe50a4274327162f9c68ec2e89a38eb2aff",
                "shasum": ""
            },
            "require": {
                "php": ">=7.1.0"
            },
            "require-dev": {
                "phpunit/phpunit": "^9.5"
            },
            "type": "library",
            "autoload": {
                "files": [
                    "src/helper.php"
                ],
                "psr-4": {
                    "think\\": "src"
                }
            },
            "license": [
                "Apache-2.0"
            ],
            "authors": [
                {
                    "name": "yunwuxin",
                    "email": "448901948@qq.com"
                }
            ],
            "description": "The ThinkPHP6 Helper Package",
            "time": "2021-12-15T04:27:55+00:00"
        },
        {
            "name": "topthink/think-orm",
            "version": "v2.0.60",
            "source": {
                "type": "git",
                "url": "https://github.com/top-think/think-orm.git",
                "reference": "8bc34a4307fa27186c0e96a9b3de3cb23aa1ed46"
            },
            "dist": {
                "type": "zip",
                "url": "https://repo.huaweicloud.com/repository/php/topthink/think-orm/v2.0.60/topthink-think-orm-v2.0.60.zip",
                "reference": "8bc34a4307fa27186c0e96a9b3de3cb23aa1ed46",
                "shasum": ""
            },
            "require": {
                "ext-json": "*",
                "ext-pdo": "*",
                "php": ">=7.1.0",
                "psr/log": "^1.0|^2.0",
                "psr/simple-cache": "^1.0|^2.0",
                "topthink/think-helper": "^3.1"
            },
            "require-dev": {
                "phpunit/phpunit": "^7|^8|^9.5"
            },
            "type": "library",
            "autoload": {
                "files": [
                    "stubs/load_stubs.php"
                ],
                "psr-4": {
                    "think\\": "src"
                }
            },
            "license": [
                "Apache-2.0"
            ],
            "authors": [
                {
                    "name": "liu21st",
                    "email": "liu21st@gmail.com"
                }
            ],
            "description": "think orm",
            "keywords": [
                "database",
                "orm"
            ],
            "time": "2023-03-19T04:51:56+00:00"
        }
    ],
    "packages-dev": [],
    "aliases": [],
    "minimum-stability": "stable",
    "stability-flags": [],
    "prefer-stable": false,
    "prefer-lowest": false,
    "platform": [],
    "platform-dev": []
}
